{
	"name": "@infinumjs/ngx-nuts-and-bolts",
	"version": "1.1.2",
	"lockfileVersion": 2,
	"requires": true,
	"packages": {
		"": {
			"name": "@infinumjs/ngx-nuts-and-bolts",
			"version": "1.0.3",
			"license": "MIT",
			"dependencies": {
				"tslib": "^2.3.0"
			},
			"peerDependencies": {
				"@angular/common": ">=10",
				"@angular/core": ">=10",
				"@angular/platform-browser": ">=10",
				"rxjs": ">=6"
			}
		},
		"node_modules/@angular/common": {
			"version": "12.2.13",
			"resolved": "https://registry.npmjs.org/@angular/common/-/common-12.2.13.tgz",
			"integrity": "sha512-I1t/jl9ojCwTJKT7PKHnk23D+vMHTHS/9qZ2nndCjzGusMK8029nn8l3tHAkwefvxZWSaLAk1MgsVcP+rHQNsQ==",
			"peer": true,
			"dependencies": {
				"tslib": "^2.2.0"
			},
			"engines": {
				"node": "^12.14.1 || >=14.0.0"
			},
			"peerDependencies": {
				"@angular/core": "12.2.13",
				"rxjs": "^6.5.3 || ^7.0.0"
			}
		},
		"node_modules/@angular/core": {
			"version": "12.2.13",
			"resolved": "https://registry.npmjs.org/@angular/core/-/core-12.2.13.tgz",
			"integrity": "sha512-tZ5nAnmOi418JDaJIFiiP9z2JrluMJZvUvXO4QDUs52BXaL2yuP7MJ2LczWOVJXrBLZXeZGfjDjZmaFPA24grg==",
			"peer": true,
			"dependencies": {
				"tslib": "^2.2.0"
			},
			"engines": {
				"node": "^12.14.1 || >=14.0.0"
			},
			"peerDependencies": {
				"rxjs": "^6.5.3 || ^7.0.0",
				"zone.js": "~0.11.4"
			}
		},
		"node_modules/@angular/platform-browser": {
			"version": "12.2.13",
			"resolved": "https://registry.npmjs.org/@angular/platform-browser/-/platform-browser-12.2.13.tgz",
			"integrity": "sha512-Ua8m2GtG2msqz/Mr/MK7s8RXud554x8cup2THVAwetyTaY5th/1LOZX0hhDIhfsxBCLHnC53LRhMbSsI0cikOg==",
			"peer": true,
			"dependencies": {
				"tslib": "^2.2.0"
			},
			"engines": {
				"node": "^12.14.1 || >=14.0.0"
			},
			"peerDependencies": {
				"@angular/animations": "12.2.13",
				"@angular/common": "12.2.13",
				"@angular/core": "12.2.13"
			},
			"peerDependenciesMeta": {
				"@angular/animations": {
					"optional": true
				}
			}
		},
		"node_modules/rxjs": {
			"version": "7.4.0",
			"resolved": "https://registry.npmjs.org/rxjs/-/rxjs-7.4.0.tgz",
			"integrity": "sha512-7SQDi7xeTMCJpqViXh8gL/lebcwlp3d831F05+9B44A4B0WfsEwUQHR64gsH1kvJ+Ep/J9K2+n1hVl1CsGN23w==",
			"peer": true,
			"dependencies": {
				"tslib": "~2.1.0"
			}
		},
		"node_modules/rxjs/node_modules/tslib": {
			"version": "2.1.0",
			"resolved": "https://registry.npmjs.org/tslib/-/tslib-2.1.0.tgz",
			"integrity": "sha512-hcVC3wYEziELGGmEEXue7D75zbwIIVUMWAVbHItGPx0ziyXxrOMQx4rQEVEV45Ut/1IotuEvwqPopzIOkDMf0A==",
			"peer": true
		},
		"node_modules/tslib": {
			"version": "2.3.1",
			"resolved": "https://registry.npmjs.org/tslib/-/tslib-2.3.1.tgz",
			"integrity": "sha512-77EbyPPpMz+FRFRuAFlWMtmgUWGe9UOG2Z25NqCwiIjRhOf5iKGuzSe5P2w1laq+FkRy4p+PCuVkJSGkzTEKVw=="
		},
		"node_modules/zone.js": {
			"version": "0.11.4",
			"resolved": "https://registry.npmjs.org/zone.js/-/zone.js-0.11.4.tgz",
			"integrity": "sha512-DDh2Ab+A/B+9mJyajPjHFPWfYU1H+pdun4wnnk0OcQTNjem1XQSZ2CDW+rfZEUDjv5M19SBqAkjZi0x5wuB5Qw==",
			"peer": true,
			"dependencies": {
				"tslib": "^2.0.0"
			}
		}
	},
	"dependencies": {
		"@angular/common": {
			"version": "12.2.13",
			"resolved": "https://registry.npmjs.org/@angular/common/-/common-12.2.13.tgz",
			"integrity": "sha512-I1t/jl9ojCwTJKT7PKHnk23D+vMHTHS/9qZ2nndCjzGusMK8029nn8l3tHAkwefvxZWSaLAk1MgsVcP+rHQNsQ==",
			"peer": true,
			"requires": {
				"tslib": "^2.2.0"
			}
		},
		"@angular/core": {
			"version": "12.2.13",
			"resolved": "https://registry.npmjs.org/@angular/core/-/core-12.2.13.tgz",
			"integrity": "sha512-tZ5nAnmOi418JDaJIFiiP9z2JrluMJZvUvXO4QDUs52BXaL2yuP7MJ2LczWOVJXrBLZXeZGfjDjZmaFPA24grg==",
			"peer": true,
			"requires": {
				"tslib": "^2.2.0"
			}
		},
		"@angular/platform-browser": {
			"version": "12.2.13",
			"resolved": "https://registry.npmjs.org/@angular/platform-browser/-/platform-browser-12.2.13.tgz",
			"integrity": "sha512-Ua8m2GtG2msqz/Mr/MK7s8RXud554x8cup2THVAwetyTaY5th/1LOZX0hhDIhfsxBCLHnC53LRhMbSsI0cikOg==",
			"peer": true,
			"requires": {
				"tslib": "^2.2.0"
			}
		},
		"rxjs": {
			"version": "7.4.0",
			"resolved": "https://registry.npmjs.org/rxjs/-/rxjs-7.4.0.tgz",
			"integrity": "sha512-7SQDi7xeTMCJpqViXh8gL/lebcwlp3d831F05+9B44A4B0WfsEwUQHR64gsH1kvJ+Ep/J9K2+n1hVl1CsGN23w==",
			"peer": true,
			"requires": {
				"tslib": "~2.1.0"
			},
			"dependencies": {
				"tslib": {
					"version": "2.1.0",
					"resolved": "https://registry.npmjs.org/tslib/-/tslib-2.1.0.tgz",
					"integrity": "sha512-hcVC3wYEziELGGmEEXue7D75zbwIIVUMWAVbHItGPx0ziyXxrOMQx4rQEVEV45Ut/1IotuEvwqPopzIOkDMf0A==",
					"peer": true
				}
			}
		},
		"tslib": {
			"version": "2.3.1",
			"resolved": "https://registry.npmjs.org/tslib/-/tslib-2.3.1.tgz",
			"integrity": "sha512-77EbyPPpMz+FRFRuAFlWMtmgUWGe9UOG2Z25NqCwiIjRhOf5iKGuzSe5P2w1laq+FkRy4p+PCuVkJSGkzTEKVw=="
		},
		"zone.js": {
			"version": "0.11.4",
			"resolved": "https://registry.npmjs.org/zone.js/-/zone.js-0.11.4.tgz",
			"integrity": "sha512-DDh2Ab+A/B+9mJyajPjHFPWfYU1H+pdun4wnnk0OcQTNjem1XQSZ2CDW+rfZEUDjv5M19SBqAkjZi0x5wuB5Qw==",
			"peer": true,
			"requires": {
				"tslib": "^2.0.0"
			}
		}
	}
}
